{
    "_meta": {
        "hash": {
            "sha256": "e97a8e73aa209e80302ebff388a286df2fe19b29187f24fadf05592b16b0cde6"
        },
        "pipfile-spec": 6,
        "requires": {
            "python_version": "3.9"
        },
        "sources": [
            {
                "name": "pypi",
                "url": "https://pypi.org/simple",
                "verify_ssl": true
            }
        ]
    },
    "default": {
        "pypdf": {
            "hashes": [
                "sha256:071d837f9d109c260cc70b026d3ffad3db6f905131b51f39fe74f2fa435ea003",
                "sha256:637de66382238f3537fcf8f27fdb47e2c99dd5aa6de173a28a5b737f9a784973"
            ],
            "index": "pypi",
            "markers": "python_version >= '3.6'",
            "version": "==4.0.0"
        },
        "typing-extensions": {
            "hashes": [
                "sha256:23478f88c37f27d76ac8aee6c905017a143b0b1b886c3c9f66bc2fd94f9f5783",
                "sha256:af72aea155e91adfc61c3ae9e0e342dbc0cba726d6cba4b6c72c1f34e47291cd"
            ],
            "markers": "python_version < '3.10'",
            "version": "==4.9.0"
        }
    },
    "develop": {}
}
